
Microsoft Visual Studio Solution File, Format Version 12.00
# Visual Studio 15
VisualStudioVersion = 15.0.26124.0
MinimumVisualStudioVersion = 15.0.26124.0
Project("{2150E333-8FDC-42A3-9474-1A3956D46DE8}") = "src", "src", "{B7464EB6-B45B-43AB-B404-64AEA2BDE402}"
EndProject
Project("{F2A71F9B-5D33-465A-A702-920D77279786}") = "RedPencil", "src\RedPencil\RedPencil.fsproj", "{7B1BBD16-7A89-41EE-AC8D-A8C86C0FADC8}"
EndProject
Project("{2150E333-8FDC-42A3-9474-1A3956D46DE8}") = "test", "test", "{773D157D-764B-4E68-9AD0-C61350999BBF}"
EndProject
Project("{F2A71F9B-5D33-465A-A702-920D77279786}") = "RedPencil.Test", "test\RedPencil.Test\RedPencil.Test.fsproj", "{C3E47A1C-75B1-4459-A442-1F2ACA45780A}"
EndProject
Global
	GlobalSection(SolutionConfigurationPlatforms) = preSolution
		Debug|Any CPU = Debug|Any CPU
		Debug|x64 = Debug|x64
		Debug|x86 = Debug|x86
		Release|Any CPU = Release|Any CPU
		Release|x64 = Release|x64
		Release|x86 = Release|x86
	EndGlobalSection
	GlobalSection(SolutionProperties) = preSolution
		HideSolutionNode = FALSE
	EndGlobalSection
	GlobalSection(ProjectConfigurationPlatforms) = postSolution
		{7B1BBD16-7A89-41EE-AC8D-A8C86C0FADC8}.Debug|Any CPU.ActiveCfg = Debug|Any CPU
		{7B1BBD16-7A89-41EE-AC8D-A8C86C0FADC8}.Debug|Any CPU.Build.0 = Debug|Any CPU
		{7B1BBD16-7A89-41EE-AC8D-A8C86C0FADC8}.Debug|x64.ActiveCfg = Debug|Any CPU
		{7B1BBD16-7A89-41EE-AC8D-A8C86C0FADC8}.Debug|x64.Build.0 = Debug|Any CPU
		{7B1BBD16-7A89-41EE-AC8D-A8C86C0FADC8}.Debug|x86.ActiveCfg = Debug|Any CPU
		{7B1BBD16-7A89-41EE-AC8D-A8C86C0FADC8}.Debug|x86.Build.0 = Debug|Any CPU
		{7B1BBD16-7A89-41EE-AC8D-A8C86C0FADC8}.Release|Any CPU.ActiveCfg = Release|Any CPU
		{7B1BBD16-7A89-41EE-AC8D-A8C86C0FADC8}.Release|Any CPU.Build.0 = Release|Any CPU
		{7B1BBD16-7A89-41EE-AC8D-A8C86C0FADC8}.Release|x64.ActiveCfg = Release|Any CPU
		{7B1BBD16-7A89-41EE-AC8D-A8C86C0FADC8}.Release|x64.Build.0 = Release|Any CPU
		{7B1BBD16-7A89-41EE-AC8D-A8C86C0FADC8}.Release|x86.ActiveCfg = Release|Any CPU
		{7B1BBD16-7A89-41EE-AC8D-A8C86C0FADC8}.Release|x86.Build.0 = Release|Any CPU
		{C3E47A1C-75B1-4459-A442-1F2ACA45780A}.Debug|Any CPU.ActiveCfg = Debug|Any CPU
		{C3E47A1C-75B1-4459-A442-1F2ACA45780A}.Debug|Any CPU.Build.0 = Debug|Any CPU
		{C3E47A1C-75B1-4459-A442-1F2ACA45780A}.Debug|x64.ActiveCfg = Debug|Any CPU
		{C3E47A1C-75B1-4459-A442-1F2ACA45780A}.Debug|x64.Build.0 = Debug|Any CPU
		{C3E47A1C-75B1-4459-A442-1F2ACA45780A}.Debug|x86.ActiveCfg = Debug|Any CPU
		{C3E47A1C-75B1-4459-A442-1F2ACA45780A}.Debug|x86.Build.0 = Debug|Any CPU
		{C3E47A1C-75B1-4459-A442-1F2ACA45780A}.Release|Any CPU.ActiveCfg = Release|Any CPU
		{C3E47A1C-75B1-4459-A442-1F2ACA45780A}.Release|Any CPU.Build.0 = Release|Any CPU
		{C3E47A1C-75B1-4459-A442-1F2ACA45780A}.Release|x64.ActiveCfg = Release|Any CPU
		{C3E47A1C-75B1-4459-A442-1F2ACA45780A}.Release|x64.Build.0 = Release|Any CPU
		{C3E47A1C-75B1-4459-A442-1F2ACA45780A}.Release|x86.ActiveCfg = Release|Any CPU
		{C3E47A1C-75B1-4459-A442-1F2ACA45780A}.Release|x86.Build.0 = Release|Any CPU
	EndGlobalSection
	GlobalSection(NestedProjects) = preSolution
		{7B1BBD16-7A89-41EE-AC8D-A8C86C0FADC8} = {B7464EB6-B45B-43AB-B404-64AEA2BDE402}
		{C3E47A1C-75B1-4459-A442-1F2ACA45780A} = {773D157D-764B-4E68-9AD0-C61350999BBF}
	EndGlobalSection
EndGlobal
